
Microsoft Visual Studio Solution File, Format Version 12.00
Project("{FAE04EC0-301F-11D3-BF4B-00C04F79EFBC}") = "NewYearGift", "NewYearGift\NewYearGift.csproj", "{DF88167C-D1B4-4B64-8FD9-5E62F4B28231}"
EndProject
Global
	GlobalSection(SolutionConfigurationPlatforms) = preSolution
		Debug|Any CPU = Debug|Any CPU
		Release|Any CPU = Release|Any CPU
	EndGlobalSection
	GlobalSection(ProjectConfigurationPlatforms) = postSolution
		{DF88167C-D1B4-4B64-8FD9-5E62F4B28231}.Debug|Any CPU.ActiveCfg = Debug|Any CPU
		{DF88167C-D1B4-4B64-8FD9-5E62F4B28231}.Debug|Any CPU.Build.0 = Debug|Any CPU
		{DF88167C-D1B4-4B64-8FD9-5E62F4B28231}.Release|Any CPU.ActiveCfg = Release|Any CPU
		{DF88167C-D1B4-4B64-8FD9-5E62F4B28231}.Release|Any CPU.Build.0 = Release|Any CPU
	EndGlobalSection
EndGlobal
